
Microsoft Visual Studio Solution File, Format Version 12.00
# Visual Studio 15
VisualStudioVersion = 15.0.28307.168
MinimumVisualStudioVersion = 10.0.40219.1
Project("{FAE04EC0-301F-11D3-BF4B-00C04F79EFBC}") = "DocClientVsRestCallTest", "DocClientVsRestCallTest\DocClientVsRestCallTest.csproj", "{D030836F-6F2A-4F44-AA48-67A25070D193}"
EndProject
Global
	GlobalSection(SolutionConfigurationPlatforms) = preSolution
		Debug|Any CPU = Debug|Any CPU
		Release|Any CPU = Release|Any CPU
	EndGlobalSection
	GlobalSection(ProjectConfigurationPlatforms) = postSolution
		{D030836F-6F2A-4F44-AA48-67A25070D193}.Debug|Any CPU.ActiveCfg = Debug|Any CPU
		{D030836F-6F2A-4F44-AA48-67A25070D193}.Debug|Any CPU.Build.0 = Debug|Any CPU
		{D030836F-6F2A-4F44-AA48-67A25070D193}.Release|Any CPU.ActiveCfg = Release|Any CPU
		{D030836F-6F2A-4F44-AA48-67A25070D193}.Release|Any CPU.Build.0 = Release|Any CPU
	EndGlobalSection
	GlobalSection(SolutionProperties) = preSolution
		HideSolutionNode = FALSE
	EndGlobalSection
	GlobalSection(ExtensibilityGlobals) = postSolution
		SolutionGuid = {638489FB-2807-4148-B0C6-DBEB26AF267F}
	EndGlobalSection
EndGlobal
